
Microsoft Visual Studio Solution File, Format Version 11.00
# Visual Studio 2010
# SharpDevelop 5.1
Project("{FAE04EC0-301F-11D3-BF4B-00C04F79EFBC}") = "at07", "at07\at07.csproj", "{A166E257-1231-4056-867C-E9642E611176}"
EndProject
Global
	GlobalSection(SolutionConfigurationPlatforms) = preSolution
		Debug|Any CPU = Debug|Any CPU
		Release|Any CPU = Release|Any CPU
	EndGlobalSection
	GlobalSection(ProjectConfigurationPlatforms) = postSolution
		{A166E257-1231-4056-867C-E9642E611176}.Debug|Any CPU.ActiveCfg = Debug|Any CPU
		{A166E257-1231-4056-867C-E9642E611176}.Debug|Any CPU.Build.0 = Debug|Any CPU
		{A166E257-1231-4056-867C-E9642E611176}.Release|Any CPU.ActiveCfg = Release|Any CPU
		{A166E257-1231-4056-867C-E9642E611176}.Release|Any CPU.Build.0 = Release|Any CPU
	EndGlobalSection
EndGlobal
